// !$*UTF8*$!
{
	archiveVersion = 1;
	classes = {
	};
	objectVersion = 46;
	objects = {

/* Begin PBXBuildFile section */
		43B431461B043FA500D38D2D /* main.m in Sources */ = {isa = PBXBuildFile; fileRef = 43B431451B043FA500D38D2D /* main.m */; };
		43B431491B043FA500D38D2D /* AppDelegate.m in Sources */ = {isa = PBXBuildFile; fileRef = 43B431481B043FA500D38D2D /* AppDelegate.m */; };
		43B4314C1B043FA500D38D2D /* ViewController.m in Sources */ = {isa = PBXBuildFile; fileRef = 43B4314B1B043FA500D38D2D /* ViewController.m */; };
		43B4314F1B043FA500D38D2D /* Main.storyboard in Resources */ = {isa = PBXBuildFile; fileRef = 43B4314D1B043FA500D38D2D /* Main.storyboard */; };
		43B431511B043FA500D38D2D /* Images.xcassets in Resources */ = {isa = PBXBuildFile; fileRef = 43B431501B043FA500D38D2D /* Images.xcassets */; };
		43B431541B043FA500D38D2D /* LaunchScreen.xib in Resources */ = {isa = PBXBuildFile; fileRef = 43B431521B043FA500D38D2D /* LaunchScreen.xib */; };
		43B431601B043FA500D38D2D /* LXMThirdLoginManagerDemoTests.m in Sources */ = {isa = PBXBuildFile; fileRef = 43B4315F1B043FA500D38D2D /* LXMThirdLoginManagerDemoTests.m */; };
		6234E63BD9E3301BE4FF68DA /* libPods-LXMThirdLoginManagerDemo.a in Frameworks */ = {isa = PBXBuildFile; fileRef = B6E61B0B33C3E83625BA3204 /* libPods-LXMThirdLoginManagerDemo.a */; };
/* End PBXBuildFile section */

/* Begin PBXContainerItemProxy section */
		43B4315A1B043FA500D38D2D /* PBXContainerItemProxy */ = {
			isa = PBXContainerItemProxy;
			containerPortal = 43B431381B043FA500D38D2D /* Project object */;
			proxyType = 1;
			remoteGlobalIDString = 43B4313F1B043FA500D38D2D;
			remoteInfo = LXMThirdLoginManagerDemo;
		};
/* End PBXContainerItemProxy section */

/* Begin PBXFileReference section */
		43B431401B043FA500D38D2D /* LXMThirdLoginManagerDemo.app */ = {isa = PBXFileReference; explicitFileType = wrapper.application; includeInIndex = 0; path = LXMThirdLoginManagerDemo.app; sourceTree = BUILT_PRODUCTS_DIR; };
		43B431441B043FA500D38D2D /* Info.plist */ = {isa = PBXFileReference; lastKnownFileType = text.plist.xml; path = Info.plist; sourceTree = "<group>"; };
		43B431451B043FA500D38D2D /* main.m */ = {isa = PBXFileReference; lastKnownFileType = sourcecode.c.objc; path = main.m; sourceTree = "<group>"; };
		43B431471B043FA500D38D2D /* AppDelegate.h */ = {isa = PBXFileReference; lastKnownFileType = sourcecode.c.h; path = AppDelegate.h; sourceTree = "<group>"; };
		43B431481B043FA500D38D2D /* AppDelegate.m */ = {isa = PBXFileReference; lastKnownFileType = sourcecode.c.objc; path = AppDelegate.m; sourceTree = "<group>"; };
		43B4314A1B043FA500D38D2D /* ViewController.h */ = {isa = PBXFileReference; lastKnownFileType = sourcecode.c.h; path = ViewController.h; sourceTree = "<group>"; };
		43B4314B1B043FA500D38D2D /* ViewController.m */ = {isa = PBXFileReference; lastKnownFileType = sourcecode.c.objc; path = ViewController.m; sourceTree = "<group>"; };
		43B4314E1B043FA500D38D2D /* Base */ = {isa = PBXFileReference; lastKnownFileType = file.storyboard; name = Base; path = Base.lproj/Main.storyboard; sourceTree = "<group>"; };
		43B431501B043FA500D38D2D /* Images.xcassets */ = {isa = PBXFileReference; lastKnownFileType = folder.assetcatalog; path = Images.xcassets; sourceTree = "<group>"; };
		43B431531B043FA500D38D2D /* Base */ = {isa = PBXFileReference; lastKnownFileType = file.xib; name = Base; path = Base.lproj/LaunchScreen.xib; sourceTree = "<group>"; };
		43B431591B043FA500D38D2D /* LXMThirdLoginManagerDemoTests.xctest */ = {isa = PBXFileReference; explicitFileType = wrapper.cfbundle; includeInIndex = 0; path = LXMThirdLoginManagerDemoTests.xctest; sourceTree = BUILT_PRODUCTS_DIR; };
		43B4315E1B043FA500D38D2D /* Info.plist */ = {isa = PBXFileReference; lastKnownFileType = text.plist.xml; path = Info.plist; sourceTree = "<group>"; };
		43B4315F1B043FA500D38D2D /* LXMThirdLoginManagerDemoTests.m */ = {isa = PBXFileReference; lastKnownFileType = sourcecode.c.objc; path = LXMThirdLoginManagerDemoTests.m; sourceTree = "<group>"; };
		B6E61B0B33C3E83625BA3204 /* libPods-LXMThirdLoginManagerDemo.a */ = {isa = PBXFileReference; explicitFileType = archive.ar; includeInIndex = 0; path = "libPods-LXMThirdLoginManagerDemo.a"; sourceTree = BUILT_PRODUCTS_DIR; };
		CEF78854F3297DF74A839B91 /* Pods-LXMThirdLoginManagerDemo.release.xcconfig */ = {isa = PBXFileReference; includeInIndex = 1; lastKnownFileType = text.xcconfig; name = "Pods-LXMThirdLoginManagerDemo.release.xcconfig"; path = "Pods/Target Support Files/Pods-LXMThirdLoginManagerDemo/Pods-LXMThirdLoginManagerDemo.release.xcconfig"; sourceTree = "<group>"; };
		D4D32651F38936755577FB3F /* Pods-LXMThirdLoginManagerDemo.debug.xcconfig */ = {isa = PBXFileReference; includeInIndex = 1; lastKnownFileType = text.xcconfig; name = "Pods-LXMThirdLoginManagerDemo.debug.xcconfig"; path = "Pods/Target Support Files/Pods-LXMThirdLoginManagerDemo/Pods-LXMThirdLoginManagerDemo.debug.xcconfig"; sourceTree = "<group>"; };
/* End PBXFileReference section */

/* Begin PBXFrameworksBuildPhase section */
		43B4313D1B043FA500D38D2D /* Frameworks */ = {
			isa = PBXFrameworksBuildPhase;
			buildActionMask = 2147483647;
			files = (
				6234E63BD9E3301BE4FF68DA /* libPods-LXMThirdLoginManagerDemo.a in Frameworks */,
			);
			runOnlyForDeploymentPostprocessing = 0;
		};
		43B431561B043FA500D38D2D /* Frameworks */ = {
			isa = PBXFrameworksBuildPhase;
			buildActionMask = 2147483647;
			files = (
			);
			runOnlyForDeploymentPostprocessing = 0;
		};
/* End PBXFrameworksBuildPhase section */

/* Begin PBXGroup section */
		36C1460A3B1E666A88F965E5 /* Pods */ = {
			isa = PBXGroup;
			children = (
				D4D32651F38936755577FB3F /* Pods-LXMThirdLoginManagerDemo.debug.xcconfig */,
				CEF78854F3297DF74A839B91 /* Pods-LXMThirdLoginManagerDemo.release.xcconfig */,
			);
			name = Pods;
			sourceTree = "<group>";
		};
		43924AC70C6861436A504EA9 /* Frameworks */ = {
			isa = PBXGroup;
			children = (
				B6E61B0B33C3E83625BA3204 /* libPods-LXMThirdLoginManagerDemo.a */,
			);
			name = Frameworks;
			sourceTree = "<group>";
		};
		43B431371B043FA500D38D2D = {
			isa = PBXGroup;
			children = (
				43B431421B043FA500D38D2D /* LXMThirdLoginManagerDemo */,
				43B4315C1B043FA500D38D2D /* LXMThirdLoginManagerDemoTests */,
				43B431411B043FA500D38D2D /* Products */,
				36C1460A3B1E666A88F965E5 /* Pods */,
				43924AC70C6861436A504EA9 /* Frameworks */,
			);
			sourceTree = "<group>";
		};
		43B431411B043FA500D38D2D /* Products */ = {
			isa = PBXGroup;
			children = (
				43B431401B043FA500D38D2D /* LXMThirdLoginManagerDemo.app */,
				43B431591B043FA500D38D2D /* LXMThirdLoginManagerDemoTests.xctest */,
			);
			name = Products;
			sourceTree = "<group>";
		};
		43B431421B043FA500D38D2D /* LXMThirdLoginManagerDemo */ = {
			isa = PBXGroup;
			children = (
				43B431471B043FA500D38D2D /* AppDelegate.h */,
				43B431481B043FA500D38D2D /* AppDelegate.m */,
				43B4314A1B043FA500D38D2D /* ViewController.h */,
				43B4314B1B043FA500D38D2D /* ViewController.m */,
				43B4314D1B043FA500D38D2D /* Main.storyboard */,
				43B431501B043FA500D38D2D /* Images.xcassets */,
				43B431521B043FA500D38D2D /* LaunchScreen.xib */,
				43B431431B043FA500D38D2D /* Supporting Files */,
			);
			path = LXMThirdLoginManagerDemo;
			sourceTree = "<group>";
		};
		43B431431B043FA500D38D2D /* Supporting Files */ = {
			isa = PBXGroup;
			children = (
				43B431441B043FA500D38D2D /* Info.plist */,
				43B431451B043FA500D38D2D /* main.m */,
			);
			name = "Supporting Files";
			sourceTree = "<group>";
		};
		43B4315C1B043FA500D38D2D /* LXMThirdLoginManagerDemoTests */ = {
			isa = PBXGroup;
			children = (
				43B4315F1B043FA500D38D2D /* LXMThirdLoginManagerDemoTests.m */,
				43B4315D1B043FA500D38D2D /* Supporting Files */,
			);
			path = LXMThirdLoginManagerDemoTests;
			sourceTree = "<group>";
		};
		43B4315D1B043FA500D38D2D /* Supporting Files */ = {
			isa = PBXGroup;
			children = (
				43B4315E1B043FA500D38D2D /* Info.plist */,
			);
			name = "Supporting Files";
			sourceTree = "<group>";
		};
/* End PBXGroup section */

/* Begin PBXNativeTarget section */
		43B4313F1B043FA500D38D2D /* LXMThirdLoginManagerDemo */ = {
			isa = PBXNativeTarget;
			buildConfigurationList = 43B431631B043FA500D38D2D /* Build configuration list for PBXNativeTarget "LXMThirdLoginManagerDemo" */;
			buildPhases = (
				FD06674E9122BD60F3ECAC78 /* [CP] Check Pods Manifest.lock */,
				43B4313C1B043FA500D38D2D /* Sources */,
				43B4313D1B043FA500D38D2D /* Frameworks */,
				43B4313E1B043FA500D38D2D /* Resources */,
				67FF02EECD675CA3384A1E67 /* [CP] Embed Pods Frameworks */,
				01399657D371A30F975FBF16 /* [CP] Copy Pods Resources */,
			);
			buildRules = (
			);
			dependencies = (
			);
			name = LXMThirdLoginManagerDemo;
			productName = LXMThirdLoginManagerDemo;
			productReference = 43B431401B043FA500D38D2D /* LXMThirdLoginManagerDemo.app */;
			productType = "com.apple.product-type.application";
		};
		43B431581B043FA500D38D2D /* LXMThirdLoginManagerDemoTests */ = {
			isa = PBXNativeTarget;
			buildConfigurationList = 43B431661B043FA500D38D2D /* Build configuration list for PBXNativeTarget "LXMThirdLoginManagerDemoTests" */;
			buildPhases = (
				43B431551B043FA500D38D2D /* Sources */,
				43B431561B043FA500D38D2D /* Frameworks */,
				43B431571B043FA500D38D2D /* Resources */,
			);
			buildRules = (
			);
			dependencies = (
				43B4315B1B043FA500D38D2D /* PBXTargetDependency */,
			);
			name = LXMThirdLoginManagerDemoTests;
			productName = LXMThirdLoginManagerDemoTests;
			productReference = 43B431591B043FA500D38D2D /* LXMThirdLoginManagerDemoTests.xctest */;
			productType = "com.apple.product-type.bundle.unit-test";
		};
/* End PBXNativeTarget section */

/* Begin PBXProject section */
		43B431381B043FA500D38D2D /* Project object */ = {
			isa = PBXProject;
			attributes = {
				LastUpgradeCheck = 0900;
				ORGANIZATIONNAME = luxiaoming;
				TargetAttributes = {
					43B4313F1B043FA500D38D2D = {
						CreatedOnToolsVersion = 6.3;
						DevelopmentTeam = 993SNGFP2R;
						ProvisioningStyle = Automatic;
					};
					43B431581B043FA500D38D2D = {
						CreatedOnToolsVersion = 6.3;
						TestTargetID = 43B4313F1B043FA500D38D2D;
					};
				};
			};
			buildConfigurationList = 43B4313B1B043FA500D38D2D /* Build configuration list for PBXProject "LXMThirdLoginManagerDemo" */;
			compatibilityVersion = "Xcode 3.2";
			developmentRegion = English;
			hasScannedForEncodings = 0;
			knownRegions = (
				en,
				Base,
			);
			mainGroup = 43B431371B043FA500D38D2D;
			productRefGroup = 43B431411B043FA500D38D2D /* Products */;
			projectDirPath = "";
			projectRoot = "";
			targets = (
				43B4313F1B043FA500D38D2D /* LXMThirdLoginManagerDemo */,
				43B431581B043FA500D38D2D /* LXMThirdLoginManagerDemoTests */,
			);
		};
/* End PBXProject section */

/* Begin PBXResourcesBuildPhase section */
		43B4313E1B043FA500D38D2D /* Resources */ = {
			isa = PBXResourcesBuildPhase;
			buildActionMask = 2147483647;
			files = (
				43B4314F1B043FA500D38D2D /* Main.storyboard in Resources */,
				43B431541B043FA500D38D2D /* LaunchScreen.xib in Resources */,
				43B431511B043FA500D38D2D /* Images.xcassets in Resources */,
			);
			runOnlyForDeploymentPostprocessing = 0;
		};
		43B431571B043FA500D38D2D /* Resources */ = {
			isa = PBXResourcesBuildPhase;
			buildActionMask = 2147483647;
			files = (
			);
			runOnlyForDeploymentPostprocessing = 0;
		};
/* End PBXResourcesBuildPhase section */

/* Begin PBXShellScriptBuildPhase section */
		01399657D371A30F975FBF16 /* [CP] Copy Pods Resources */ = {
			isa = PBXShellScriptBuildPhase;
			buildActionMask = 2147483647;
			files = (
			);
			inputPaths = (
				"${SRCROOT}/Pods/Target Support Files/Pods-LXMThirdLoginManagerDemo/Pods-LXMThirdLoginManagerDemo-resources.sh",
				"${PODS_ROOT}/../../LXMThirdLoginManager/SinaWeiboSDK/libWeiboSDK3.2.3/WeiboSDK.bundle",
			);
			name = "[CP] Copy Pods Resources";
			outputPaths = (
				"${TARGET_BUILD_DIR}/${UNLOCALIZED_RESOURCES_FOLDER_PATH}",
			);
			runOnlyForDeploymentPostprocessing = 0;
			shellPath = /bin/sh;
			shellScript = "\"${SRCROOT}/Pods/Target Support Files/Pods-LXMThirdLoginManagerDemo/Pods-LXMThirdLoginManagerDemo-resources.sh\"\n";
			showEnvVarsInLog = 0;
		};
		67FF02EECD675CA3384A1E67 /* [CP] Embed Pods Frameworks */ = {
			isa = PBXShellScriptBuildPhase;
			buildActionMask = 2147483647;
			files = (
			);
			inputPaths = (
			);
			name = "[CP] Embed Pods Frameworks";
			outputPaths = (
			);
			runOnlyForDeploymentPostprocessing = 0;
			shellPath = /bin/sh;
			shellScript = "\"${SRCROOT}/Pods/Target Support Files/Pods-LXMThirdLoginManagerDemo/Pods-LXMThirdLoginManagerDemo-frameworks.sh\"\n";
			showEnvVarsInLog = 0;
		};
		FD06674E9122BD60F3ECAC78 /* [CP] Check Pods Manifest.lock */ = {
			isa = PBXShellScriptBuildPhase;
			buildActionMask = 2147483647;
			files = (
			);
			inputPaths = (
				"${PODS_PODFILE_DIR_PATH}/Podfile.lock",
				"${PODS_ROOT}/Manifest.lock",
			);
			name = "[CP] Check Pods Manifest.lock";
			outputPaths = (
				"$(DERIVED_FILE_DIR)/Pods-LXMThirdLoginManagerDemo-checkManifestLockResult.txt",
			);
			runOnlyForDeploymentPostprocessing = 0;
			shellPath = /bin/sh;
			shellScript = "diff \"${PODS_PODFILE_DIR_PATH}/Podfile.lock\" \"${PODS_ROOT}/Manifest.lock\" > /dev/null\nif [ $? != 0 ] ; then\n    # print error to STDERR\n    echo \"error: The sandbox is not in sync with the Podfile.lock. Run 'pod install' or update your CocoaPods installation.\" >&2\n    exit 1\nfi\n# This output is used by Xcode 'outputs' to avoid re-running this script phase.\necho \"SUCCESS\" > \"${SCRIPT_OUTPUT_FILE_0}\"\n";
			showEnvVarsInLog = 0;
		};
/* End PBXShellScriptBuildPhase section */

/* Begin PBXSourcesBuildPhase section */
		43B4313C1B043FA500D38D2D /* Sources */ = {
			isa = PBXSourcesBuildPhase;
			buildActionMask = 2147483647;
			files = (
				43B4314C1B043FA500D38D2D /* ViewController.m in Sources */,
				43B431491B043FA500D38D2D /* AppDelegate.m in Sources */,
				43B431461B043FA500D38D2D /* main.m in Sources */,
			);
			runOnlyForDeploymentPostprocessing = 0;
		};
		43B431551B043FA500D38D2D /* Sources */ = {
			isa = PBXSourcesBuildPhase;
			buildActionMask = 2147483647;
			files = (
				43B431601B043FA500D38D2D /* LXMThirdLoginManagerDemoTests.m in Sources */,
			);
			runOnlyForDeploymentPostprocessing = 0;
		};
/* End PBXSourcesBuildPhase section */

/* Begin PBXTargetDependency section */
		43B4315B1B043FA500D38D2D /* PBXTargetDependency */ = {
			isa = PBXTargetDependency;
			target = 43B4313F1B043FA500D38D2D /* LXMThirdLoginManagerDemo */;
			targetProxy = 43B4315A1B043FA500D38D2D /* PBXContainerItemProxy */;
		};
/* End PBXTargetDependency section */

/* Begin PBXVariantGroup section */
		43B4314D1B043FA500D38D2D /* Main.storyboard */ = {
			isa = PBXVariantGroup;
			children = (
				43B4314E1B043FA500D38D2D /* Base */,
			);
			name = Main.storyboard;
			sourceTree = "<group>";
		};
		43B431521B043FA500D38D2D /* LaunchScreen.xib */ = {
			isa = PBXVariantGroup;
			children = (
				43B431531B043FA500D38D2D /* Base */,
			);
			name = LaunchScreen.xib;
			sourceTree = "<group>";
		};
/* End PBXVariantGroup section */

/* Begin XCBuildConfiguration section */
		43B431611B043FA500D38D2D /* Debug */ = {
			isa = XCBuildConfiguration;
			buildSettings = {
				ALWAYS_SEARCH_USER_PATHS = NO;
				CLANG_CXX_LANGUAGE_STANDARD = "gnu++0x";
				CLANG_CXX_LIBRARY = "libc++";
				CLANG_ENABLE_MODULES = YES;
				CLANG_ENABLE_OBJC_ARC = YES;
				CLANG_WARN_BLOCK_CAPTURE_AUTORELEASING = YES;
				CLANG_WARN_BOOL_CONVERSION = YES;
				CLANG_WARN_COMMA = YES;
				CLANG_WARN_CONSTANT_CONVERSION = YES;
				CLANG_WARN_DIRECT_OBJC_ISA_USAGE = YES_ERROR;
				CLANG_WARN_EMPTY_BODY = YES;
				CLANG_WARN_ENUM_CONVERSION = YES;
				CLANG_WARN_INFINITE_RECURSION = YES;
				CLANG_WARN_INT_CONVERSION = YES;
				CLANG_WARN_NON_LITERAL_NULL_CONVERSION = YES;
				CLANG_WARN_OBJC_LITERAL_CONVERSION = YES;
				CLANG_WARN_OBJC_ROOT_CLASS = YES_ERROR;
				CLANG_WARN_RANGE_LOOP_ANALYSIS = YES;
				CLANG_WARN_STRICT_PROTOTYPES = YES;
				CLANG_WARN_SUSPICIOUS_MOVE = YES;
				CLANG_WARN_UNREACHABLE_CODE = YES;
				CLANG_WARN__DUPLICATE_METHOD_MATCH = YES;
				"CODE_SIGN_IDENTITY[sdk=iphoneos*]" = "iPhone Developer";
				COPY_PHASE_STRIP = NO;
				DEBUG_INFORMATION_FORMAT = "dwarf-with-dsym";
				ENABLE_STRICT_OBJC_MSGSEND = YES;
				ENABLE_TESTABILITY = YES;
				GCC_C_LANGUAGE_STANDARD = gnu99;
				GCC_DYNAMIC_NO_PIC = NO;
				GCC_NO_COMMON_BLOCKS = YES;
				GCC_OPTIMIZATION_LEVEL = 0;
				GCC_PREPROCESSOR_DEFINITIONS = (
					"DEBUG=1",
					"$(inherited)",
				);
				GCC_SYMBOLS_PRIVATE_EXTERN = NO;
				GCC_WARN_64_TO_32_BIT_CONVERSION = YES;
				GCC_WARN_ABOUT_RETURN_TYPE = YES_ERROR;
				GCC_WARN_UNDECLARED_SELECTOR = YES;
				GCC_WARN_UNINITIALIZED_AUTOS = YES_AGGRESSIVE;
				GCC_WARN_UNUSED_FUNCTION = YES;
				GCC_WARN_UNUSED_VARIABLE = YES;
				IPHONEOS_DEPLOYMENT_TARGET = 8.0;
				MTL_ENABLE_DEBUG_INFO = YES;
				ONLY_ACTIVE_ARCH = YES;
				SDKROOT = iphoneos;
			};
			name = Debug;
		};
		43B431621B043FA500D38D2D /* Release */ = {
			isa = XCBuildConfiguration;
			buildSettings = {
				ALWAYS_SEARCH_USER_PATHS = NO;
				CLANG_CXX_LANGUAGE_STANDARD = "gnu++0x";
				CLANG_CXX_LIBRARY = "libc++";
				CLANG_ENABLE_MODULES = YES;
				CLANG_ENABLE_OBJC_ARC = YES;
				CLANG_WARN_BLOCK_CAPTURE_AUTORELEASING = YES;
				CLANG_WARN_BOOL_CONVERSION = YES;
				CLANG_WARN_COMMA = YES;
				CLANG_WARN_CONSTANT_CONVERSION = YES;
				CLANG_WARN_DIRECT_OBJC_ISA_USAGE = YES_ERROR;
				CLANG_WARN_EMPTY_BODY = YES;
				CLANG_WARN_ENUM_CONVERSION = YES;
				CLANG_WARN_INFINITE_RECURSION = YES;
				CLANG_WARN_INT_CONVERSION = YES;
				CLANG_WARN_NON_LITERAL_NULL_CONVERSION = YES;
				CLANG_WARN_OBJC_LITERAL_CONVERSION = YES;
				CLANG_WARN_OBJC_ROOT_CLASS = YES_ERROR;
				CLANG_WARN_RANGE_LOOP_ANALYSIS = YES;
				CLANG_WARN_STRICT_PROTOTYPES = YES;
				CLANG_WARN_SUSPICIOUS_MOVE = YES;
				CLANG_WARN_UNREACHABLE_CODE = YES;
				CLANG_WARN__DUPLICATE_METHOD_MATCH = YES;
				"CODE_SIGN_IDENTITY[sdk=iphoneos*]" = "iPhone Developer";
				COPY_PHASE_STRIP = NO;
				DEBUG_INFORMATION_FORMAT = "dwarf-with-dsym";
				ENABLE_NS_ASSERTIONS = NO;
				ENABLE_STRICT_OBJC_MSGSEND = YES;
				GCC_C_LANGUAGE_STANDARD = gnu99;
				GCC_NO_COMMON_BLOCKS = YES;
				GCC_WARN_64_TO_32_BIT_CONVERSION = YES;
				GCC_WARN_ABOUT_RETURN_TYPE = YES_ERROR;
				GCC_WARN_UNDECLARED_SELECTOR = YES;
				GCC_WARN_UNINITIALIZED_AUTOS = YES_AGGRESSIVE;
				GCC_WARN_UNUSED_FUNCTION = YES;
				GCC_WARN_UNUSED_VARIABLE = YES;
				IPHONEOS_DEPLOYMENT_TARGET = 8.0;
				MTL_ENABLE_DEBUG_INFO = NO;
				SDKROOT = iphoneos;
				VALIDATE_PRODUCT = YES;
			};
			name = Release;
		};
		43B431641B043FA500D38D2D /* Debug */ = {
			isa = XCBuildConfiguration;
			baseConfigurationReference = D4D32651F38936755577FB3F /* Pods-LXMThirdLoginManagerDemo.debug.xcconfig */;
			buildSettings = {
				ASSETCATALOG_COMPILER_APPICON_NAME = AppIcon;
				CODE_SIGN_IDENTITY = "iOS Development: Gaoyi 林 (EZB9C9QZG8)";
				"CODE_SIGN_IDENTITY[sdk=iphoneos*]" = "iPhone Developer";
				DEVELOPMENT_TEAM = 993SNGFP2R;
				ENABLE_BITCODE = NO;
				FRAMEWORK_SEARCH_PATHS = "$(inherited)";
				INFOPLIST_FILE = LXMThirdLoginManagerDemo/Info.plist;
				IPHONEOS_DEPLOYMENT_TARGET = 8.0;
				LD_RUNPATH_SEARCH_PATHS = "$(inherited) @executable_path/Frameworks";
				LIBRARY_SEARCH_PATHS = "$(inherited)";
				PRODUCT_BUNDLE_IDENTIFIER = "com.duowan.TEST-weibo";
				PRODUCT_NAME = "$(TARGET_NAME)";
				PROVISIONING_PROFILE = "";
			};
			name = Debug;
		};
		43B431651B043FA500D38D2D /* Release */ = {
			isa = XCBuildConfiguration;
			baseConfigurationReference = CEF78854F3297DF74A839B91 /* Pods-LXMThirdLoginManagerDemo.release.xcconfig */;
			buildSettings = {
				ASSETCATALOG_COMPILER_APPICON_NAME = AppIcon;
				CODE_SIGN_IDENTITY = "iOS Development: Gaoyi 林 (EZB9C9QZG8)";
				"CODE_SIGN_IDENTITY[sdk=iphoneos*]" = "iPhone Developer";
				DEVELOPMENT_TEAM = 993SNGFP2R;
				ENABLE_BITCODE = NO;
				FRAMEWORK_SEARCH_PATHS = "$(inherited)";
				INFOPLIST_FILE = LXMThirdLoginManagerDemo/Info.plist;
				IPHONEOS_DEPLOYMENT_TARGET = 8.0;
				LD_RUNPATH_SEARCH_PATHS = "$(inherited) @executable_path/Frameworks";
				LIBRARY_SEARCH_PATHS = "$(inherited)";
				PRODUCT_BUNDLE_IDENTIFIER = "com.duowan.TEST-weibo";
				PRODUCT_NAME = "$(TARGET_NAME)";
				PROVISIONING_PROFILE = "";
			};
			name = Release;
		};
		43B431671B043FA500D38D2D /* Debug */ = {
			isa = XCBuildConfiguration;
			buildSettings = {
				BUNDLE_LOADER = "$(TEST_HOST)";
				FRAMEWORK_SEARCH_PATHS = (
					"$(SDKROOT)/Developer/Library/Frameworks",
					"$(inherited)",
				);
				GCC_PREPROCESSOR_DEFINITIONS = (
					"DEBUG=1",
					"$(inherited)",
				);
				INFOPLIST_FILE = LXMThirdLoginManagerDemoTests/Info.plist;
				LD_RUNPATH_SEARCH_PATHS = "$(inherited) @executable_path/Frameworks @loader_path/Frameworks";
				PRODUCT_BUNDLE_IDENTIFIER = "com.duowan.$(PRODUCT_NAME:rfc1034identifier)";
				PRODUCT_NAME = "$(TARGET_NAME)";
				TEST_HOST = "$(BUILT_PRODUCTS_DIR)/LXMThirdLoginManagerDemo.app/LXMThirdLoginManagerDemo";
			};
			name = Debug;
		};
		43B431681B043FA500D38D2D /* Release */ = {
			isa = XCBuildConfiguration;
			buildSettings = {
				BUNDLE_LOADER = "$(TEST_HOST)";
				FRAMEWORK_SEARCH_PATHS = (
					"$(SDKROOT)/Developer/Library/Frameworks",
					"$(inherited)",
				);
				INFOPLIST_FILE = LXMThirdLoginManagerDemoTests/Info.plist;
				LD_RUNPATH_SEARCH_PATHS = "$(inherited) @executable_path/Frameworks @loader_path/Frameworks";
				PRODUCT_BUNDLE_IDENTIFIER = "com.duowan.$(PRODUCT_NAME:rfc1034identifier)";
				PRODUCT_NAME = "$(TARGET_NAME)";
				TEST_HOST = "$(BUILT_PRODUCTS_DIR)/LXMThirdLoginManagerDemo.app/LXMThirdLoginManagerDemo";
			};
			name = Release;
		};
/* End XCBuildConfiguration section */

/* Begin XCConfigurationList section */
		43B4313B1B043FA500D38D2D /* Build configuration list for PBXProject "LXMThirdLoginManagerDemo" */ = {
			isa = XCConfigurationList;
			buildConfigurations = (
				43B431611B043FA500D38D2D /* Debug */,
				43B431621B043FA500D38D2D /* Release */,
			);
			defaultConfigurationIsVisible = 0;
			defaultConfigurationName = Release;
		};
		43B431631B043FA500D38D2D /* Build configuration list for PBXNativeTarget "LXMThirdLoginManagerDemo" */ = {
			isa = XCConfigurationList;
			buildConfigurations = (
				43B431641B043FA500D38D2D /* Debug */,
				43B431651B043FA500D38D2D /* Release */,
			);
			defaultConfigurationIsVisible = 0;
			defaultConfigurationName = Release;
		};
		43B431661B043FA500D38D2D /* Build configuration list for PBXNativeTarget "LXMThirdLoginManagerDemoTests" */ = {
			isa = XCConfigurationList;
			buildConfigurations = (
				43B431671B043FA500D38D2D /* Debug */,
				43B431681B043FA500D38D2D /* Release */,
			);
			defaultConfigurationIsVisible = 0;
			defaultConfigurationName = Release;
		};
/* End XCConfigurationList section */
	};
	rootObject = 43B431381B043FA500D38D2D /* Project object */;
}
